// !$*UTF8*$!
{
	archiveVersion = 1;
	classes = {
	};
	objectVersion = 51;
	objects = {

/* Begin PBXBuildFile section */
		3C872E4F26E535FF00398DCC /* NewList.swift in Sources */ = {isa = PBXBuildFile; fileRef = 3C872E4E26E535FF00398DCC /* NewList.swift */; };
		3C872E5126E5652A00398DCC /* FirestoreDB.swift in Sources */ = {isa = PBXBuildFile; fileRef = 3C872E5026E5652A00398DCC /* FirestoreDB.swift */; };
		3C8EF45926D55C42004EA2B6 /* AppDelegate.swift in Sources */ = {isa = PBXBuildFile; fileRef = 3C8EF45826D55C42004EA2B6 /* AppDelegate.swift */; };
		3C8EF45B26D55C42004EA2B6 /* SceneDelegate.swift in Sources */ = {isa = PBXBuildFile; fileRef = 3C8EF45A26D55C42004EA2B6 /* SceneDelegate.swift */; };
		3C8EF45D26D55C42004EA2B6 /* ViewController.swift in Sources */ = {isa = PBXBuildFile; fileRef = 3C8EF45C26D55C42004EA2B6 /* ViewController.swift */; };
		3C8EF46026D55C42004EA2B6 /* Main.storyboard in Resources */ = {isa = PBXBuildFile; fileRef = 3C8EF45E26D55C42004EA2B6 /* Main.storyboard */; };
		3C8EF46226D55C44004EA2B6 /* Assets.xcassets in Resources */ = {isa = PBXBuildFile; fileRef = 3C8EF46126D55C44004EA2B6 /* Assets.xcassets */; };
		3C8EF46526D55C44004EA2B6 /* LaunchScreen.storyboard in Resources */ = {isa = PBXBuildFile; fileRef = 3C8EF46326D55C44004EA2B6 /* LaunchScreen.storyboard */; };
		3C8EF47026D55C44004EA2B6 /* fierbase_ammTests.swift in Sources */ = {isa = PBXBuildFile; fileRef = 3C8EF46F26D55C44004EA2B6 /* fierbase_ammTests.swift */; };
		3C8EF47B26D55C45004EA2B6 /* fierbase_ammUITests.swift in Sources */ = {isa = PBXBuildFile; fileRef = 3C8EF47A26D55C45004EA2B6 /* fierbase_ammUITests.swift */; };
		3C8EF48B26D56219004EA2B6 /* GoogleService-Info.plist in Resources */ = {isa = PBXBuildFile; fileRef = 3C8EF48A26D56219004EA2B6 /* GoogleService-Info.plist */; };
		3C8EF48D26D56864004EA2B6 /* Analytics.swift in Sources */ = {isa = PBXBuildFile; fileRef = 3C8EF48C26D56864004EA2B6 /* Analytics.swift */; };
		3C8EF49026D57EE3004EA2B6 /* DataBase.swift in Sources */ = {isa = PBXBuildFile; fileRef = 3C8EF48F26D57EE3004EA2B6 /* DataBase.swift */; };
		3C8EF49226D58725004EA2B6 /* Document.swift in Sources */ = {isa = PBXBuildFile; fileRef = 3C8EF49126D58725004EA2B6 /* Document.swift */; };
		76E097597934692A81837FE2 /* Pods_fierbase_ammTests.framework in Frameworks */ = {isa = PBXBuildFile; fileRef = 18C5CB917C85F1E08D692980 /* Pods_fierbase_ammTests.framework */; };
		DA381AE24DB3B03F93204750 /* Pods_fierbase_amm.framework in Frameworks */ = {isa = PBXBuildFile; fileRef = 24E836BA04E63C397D8C50F7 /* Pods_fierbase_amm.framework */; };
		E85015720383CABFA11CB136 /* Pods_fierbase_amm_fierbase_ammUITests.framework in Frameworks */ = {isa = PBXBuildFile; fileRef = DBA8C245BB8E777CC8D97926 /* Pods_fierbase_amm_fierbase_ammUITests.framework */; };
/* End PBXBuildFile section */

/* Begin PBXContainerItemProxy section */
		3C8EF46C26D55C44004EA2B6 /* PBXContainerItemProxy */ = {
			isa = PBXContainerItemProxy;
			containerPortal = 3C8EF44D26D55C42004EA2B6 /* Project object */;
			proxyType = 1;
			remoteGlobalIDString = 3C8EF45426D55C42004EA2B6;
			remoteInfo = "fierbase-amm";
		};
		3C8EF47726D55C45004EA2B6 /* PBXContainerItemProxy */ = {
			isa = PBXContainerItemProxy;
			containerPortal = 3C8EF44D26D55C42004EA2B6 /* Project object */;
			proxyType = 1;
			remoteGlobalIDString = 3C8EF45426D55C42004EA2B6;
			remoteInfo = "fierbase-amm";
		};
/* End PBXContainerItemProxy section */

/* Begin PBXFileReference section */
		18C5CB917C85F1E08D692980 /* Pods_fierbase_ammTests.framework */ = {isa = PBXFileReference; explicitFileType = wrapper.framework; includeInIndex = 0; path = Pods_fierbase_ammTests.framework; sourceTree = BUILT_PRODUCTS_DIR; };
		24E836BA04E63C397D8C50F7 /* Pods_fierbase_amm.framework */ = {isa = PBXFileReference; explicitFileType = wrapper.framework; includeInIndex = 0; path = Pods_fierbase_amm.framework; sourceTree = BUILT_PRODUCTS_DIR; };
		32EA1357E25C2AA7C426FE94 /* Pods-fierbase-amm-fierbase-ammUITests.debug.xcconfig */ = {isa = PBXFileReference; includeInIndex = 1; lastKnownFileType = text.xcconfig; name = "Pods-fierbase-amm-fierbase-ammUITests.debug.xcconfig"; path = "Target Support Files/Pods-fierbase-amm-fierbase-ammUITests/Pods-fierbase-amm-fierbase-ammUITests.debug.xcconfig"; sourceTree = "<group>"; };
		3C872E4E26E535FF00398DCC /* NewList.swift */ = {isa = PBXFileReference; lastKnownFileType = sourcecode.swift; path = NewList.swift; sourceTree = "<group>"; };
		3C872E5026E5652A00398DCC /* FirestoreDB.swift */ = {isa = PBXFileReference; lastKnownFileType = sourcecode.swift; path = FirestoreDB.swift; sourceTree = "<group>"; };
		3C8EF45526D55C42004EA2B6 /* fierbase-amm.app */ = {isa = PBXFileReference; explicitFileType = wrapper.application; includeInIndex = 0; path = "fierbase-amm.app"; sourceTree = BUILT_PRODUCTS_DIR; };
		3C8EF45826D55C42004EA2B6 /* AppDelegate.swift */ = {isa = PBXFileReference; lastKnownFileType = sourcecode.swift; path = AppDelegate.swift; sourceTree = "<group>"; };
		3C8EF45A26D55C42004EA2B6 /* SceneDelegate.swift */ = {isa = PBXFileReference; lastKnownFileType = sourcecode.swift; path = SceneDelegate.swift; sourceTree = "<group>"; };
		3C8EF45C26D55C42004EA2B6 /* ViewController.swift */ = {isa = PBXFileReference; lastKnownFileType = sourcecode.swift; path = ViewController.swift; sourceTree = "<group>"; };
		3C8EF45F26D55C42004EA2B6 /* Base */ = {isa = PBXFileReference; lastKnownFileType = file.storyboard; name = Base; path = Base.lproj/Main.storyboard; sourceTree = "<group>"; };
		3C8EF46126D55C44004EA2B6 /* Assets.xcassets */ = {isa = PBXFileReference; lastKnownFileType = folder.assetcatalog; path = Assets.xcassets; sourceTree = "<group>"; };
		3C8EF46426D55C44004EA2B6 /* Base */ = {isa = PBXFileReference; lastKnownFileType = file.storyboard; name = Base; path = Base.lproj/LaunchScreen.storyboard; sourceTree = "<group>"; };
		3C8EF46626D55C44004EA2B6 /* Info.plist */ = {isa = PBXFileReference; lastKnownFileType = text.plist.xml; path = Info.plist; sourceTree = "<group>"; };
		3C8EF46B26D55C44004EA2B6 /* fierbase-ammTests.xctest */ = {isa = PBXFileReference; explicitFileType = wrapper.cfbundle; includeInIndex = 0; path = "fierbase-ammTests.xctest"; sourceTree = BUILT_PRODUCTS_DIR; };
		3C8EF46F26D55C44004EA2B6 /* fierbase_ammTests.swift */ = {isa = PBXFileReference; lastKnownFileType = sourcecode.swift; path = fierbase_ammTests.swift; sourceTree = "<group>"; };
		3C8EF47126D55C44004EA2B6 /* Info.plist */ = {isa = PBXFileReference; lastKnownFileType = text.plist.xml; path = Info.plist; sourceTree = "<group>"; };
		3C8EF47626D55C45004EA2B6 /* fierbase-ammUITests.xctest */ = {isa = PBXFileReference; explicitFileType = wrapper.cfbundle; includeInIndex = 0; path = "fierbase-ammUITests.xctest"; sourceTree = BUILT_PRODUCTS_DIR; };
		3C8EF47A26D55C45004EA2B6 /* fierbase_ammUITests.swift */ = {isa = PBXFileReference; lastKnownFileType = sourcecode.swift; path = fierbase_ammUITests.swift; sourceTree = "<group>"; };
		3C8EF47C26D55C45004EA2B6 /* Info.plist */ = {isa = PBXFileReference; lastKnownFileType = text.plist.xml; path = Info.plist; sourceTree = "<group>"; };
		3C8EF48A26D56219004EA2B6 /* GoogleService-Info.plist */ = {isa = PBXFileReference; fileEncoding = 4; lastKnownFileType = text.plist.xml; name = "GoogleService-Info.plist"; path = "../../../Downloads/GoogleService-Info.plist"; sourceTree = "<group>"; };
		3C8EF48C26D56864004EA2B6 /* Analytics.swift */ = {isa = PBXFileReference; lastKnownFileType = sourcecode.swift; path = Analytics.swift; sourceTree = "<group>"; };
		3C8EF48F26D57EE3004EA2B6 /* DataBase.swift */ = {isa = PBXFileReference; lastKnownFileType = sourcecode.swift; path = DataBase.swift; sourceTree = "<group>"; };
		3C8EF49126D58725004EA2B6 /* Document.swift */ = {isa = PBXFileReference; lastKnownFileType = sourcecode.swift; path = Document.swift; sourceTree = "<group>"; };
		6F65F9E9581760F86A621CFB /* Pods-fierbase-amm-fierbase-ammUITests.release.xcconfig */ = {isa = PBXFileReference; includeInIndex = 1; lastKnownFileType = text.xcconfig; name = "Pods-fierbase-amm-fierbase-ammUITests.release.xcconfig"; path = "Target Support Files/Pods-fierbase-amm-fierbase-ammUITests/Pods-fierbase-amm-fierbase-ammUITests.release.xcconfig"; sourceTree = "<group>"; };
		91353D7E857F3DBCD686275E /* Pods-fierbase-amm.release.xcconfig */ = {isa = PBXFileReference; includeInIndex = 1; lastKnownFileType = text.xcconfig; name = "Pods-fierbase-amm.release.xcconfig"; path = "Target Support Files/Pods-fierbase-amm/Pods-fierbase-amm.release.xcconfig"; sourceTree = "<group>"; };
		A8BDE8DE6174E44C4A2992B7 /* Pods-fierbase-ammTests.debug.xcconfig */ = {isa = PBXFileReference; includeInIndex = 1; lastKnownFileType = text.xcconfig; name = "Pods-fierbase-ammTests.debug.xcconfig"; path = "Target Support Files/Pods-fierbase-ammTests/Pods-fierbase-ammTests.debug.xcconfig"; sourceTree = "<group>"; };
		AF6E1F0EC3F40F87FCFF02C7 /* Pods-fierbase-amm.debug.xcconfig */ = {isa = PBXFileReference; includeInIndex = 1; lastKnownFileType = text.xcconfig; name = "Pods-fierbase-amm.debug.xcconfig"; path = "Target Support Files/Pods-fierbase-amm/Pods-fierbase-amm.debug.xcconfig"; sourceTree = "<group>"; };
		DBA8C245BB8E777CC8D97926 /* Pods_fierbase_amm_fierbase_ammUITests.framework */ = {isa = PBXFileReference; explicitFileType = wrapper.framework; includeInIndex = 0; path = Pods_fierbase_amm_fierbase_ammUITests.framework; sourceTree = BUILT_PRODUCTS_DIR; };
		F3B1ACFE92AB7F0221DF9537 /* Pods-fierbase-ammTests.release.xcconfig */ = {isa = PBXFileReference; includeInIndex = 1; lastKnownFileType = text.xcconfig; name = "Pods-fierbase-ammTests.release.xcconfig"; path = "Target Support Files/Pods-fierbase-ammTests/Pods-fierbase-ammTests.release.xcconfig"; sourceTree = "<group>"; };
/* End PBXFileReference section */

/* Begin PBXFrameworksBuildPhase section */
		3C8EF45226D55C42004EA2B6 /* Frameworks */ = {
			isa = PBXFrameworksBuildPhase;
			buildActionMask = 2147483647;
			files = (
				DA381AE24DB3B03F93204750 /* Pods_fierbase_amm.framework in Frameworks */,
			);
			runOnlyForDeploymentPostprocessing = 0;
		};
		3C8EF46826D55C44004EA2B6 /* Frameworks */ = {
			isa = PBXFrameworksBuildPhase;
			buildActionMask = 2147483647;
			files = (
				76E097597934692A81837FE2 /* Pods_fierbase_ammTests.framework in Frameworks */,
			);
			runOnlyForDeploymentPostprocessing = 0;
		};
		3C8EF47326D55C45004EA2B6 /* Frameworks */ = {
			isa = PBXFrameworksBuildPhase;
			buildActionMask = 2147483647;
			files = (
				E85015720383CABFA11CB136 /* Pods_fierbase_amm_fierbase_ammUITests.framework in Frameworks */,
			);
			runOnlyForDeploymentPostprocessing = 0;
		};
/* End PBXFrameworksBuildPhase section */

/* Begin PBXGroup section */
		11C9FDB70E6D677E7D7C9388 /* Frameworks */ = {
			isa = PBXGroup;
			children = (
				24E836BA04E63C397D8C50F7 /* Pods_fierbase_amm.framework */,
				DBA8C245BB8E777CC8D97926 /* Pods_fierbase_amm_fierbase_ammUITests.framework */,
				18C5CB917C85F1E08D692980 /* Pods_fierbase_ammTests.framework */,
			);
			name = Frameworks;
			sourceTree = "<group>";
		};
		3C8EF44C26D55C42004EA2B6 = {
			isa = PBXGroup;
			children = (
				3C8EF45726D55C42004EA2B6 /* fierbase-amm */,
				3C8EF46E26D55C44004EA2B6 /* fierbase-ammTests */,
				3C8EF47926D55C45004EA2B6 /* fierbase-ammUITests */,
				3C8EF45626D55C42004EA2B6 /* Products */,
				3E991E8B7A24346CC796FFA6 /* Pods */,
				11C9FDB70E6D677E7D7C9388 /* Frameworks */,
			);
			sourceTree = "<group>";
		};
		3C8EF45626D55C42004EA2B6 /* Products */ = {
			isa = PBXGroup;
			children = (
				3C8EF45526D55C42004EA2B6 /* fierbase-amm.app */,
				3C8EF46B26D55C44004EA2B6 /* fierbase-ammTests.xctest */,
				3C8EF47626D55C45004EA2B6 /* fierbase-ammUITests.xctest */,
			);
			name = Products;
			sourceTree = "<group>";
		};
		3C8EF45726D55C42004EA2B6 /* fierbase-amm */ = {
			isa = PBXGroup;
			children = (
				3C8EF48A26D56219004EA2B6 /* GoogleService-Info.plist */,
				3C8EF45826D55C42004EA2B6 /* AppDelegate.swift */,
				3C8EF45A26D55C42004EA2B6 /* SceneDelegate.swift */,
				3C8EF45C26D55C42004EA2B6 /* ViewController.swift */,
				3C8EF45E26D55C42004EA2B6 /* Main.storyboard */,
				3C8EF46126D55C44004EA2B6 /* Assets.xcassets */,
				3C8EF46326D55C44004EA2B6 /* LaunchScreen.storyboard */,
				3C8EF46626D55C44004EA2B6 /* Info.plist */,
				3C8EF48C26D56864004EA2B6 /* Analytics.swift */,
				3C8EF48F26D57EE3004EA2B6 /* DataBase.swift */,
				3C8EF49126D58725004EA2B6 /* Document.swift */,
				3C872E4E26E535FF00398DCC /* NewList.swift */,
				3C872E5026E5652A00398DCC /* FirestoreDB.swift */,
			);
			path = "fierbase-amm";
			sourceTree = "<group>";
		};
		3C8EF46E26D55C44004EA2B6 /* fierbase-ammTests */ = {
			isa = PBXGroup;
			children = (
				3C8EF46F26D55C44004EA2B6 /* fierbase_ammTests.swift */,
				3C8EF47126D55C44004EA2B6 /* Info.plist */,
			);
			path = "fierbase-ammTests";
			sourceTree = "<group>";
		};
		3C8EF47926D55C45004EA2B6 /* fierbase-ammUITests */ = {
			isa = PBXGroup;
			children = (
				3C8EF47A26D55C45004EA2B6 /* fierbase_ammUITests.swift */,
				3C8EF47C26D55C45004EA2B6 /* Info.plist */,
			);
			path = "fierbase-ammUITests";
			sourceTree = "<group>";
		};
		3E991E8B7A24346CC796FFA6 /* Pods */ = {
			isa = PBXGroup;
			children = (
				AF6E1F0EC3F40F87FCFF02C7 /* Pods-fierbase-amm.debug.xcconfig */,
				91353D7E857F3DBCD686275E /* Pods-fierbase-amm.release.xcconfig */,
				32EA1357E25C2AA7C426FE94 /* Pods-fierbase-amm-fierbase-ammUITests.debug.xcconfig */,
				6F65F9E9581760F86A621CFB /* Pods-fierbase-amm-fierbase-ammUITests.release.xcconfig */,
				A8BDE8DE6174E44C4A2992B7 /* Pods-fierbase-ammTests.debug.xcconfig */,
				F3B1ACFE92AB7F0221DF9537 /* Pods-fierbase-ammTests.release.xcconfig */,
			);
			path = Pods;
			sourceTree = "<group>";
		};
/* End PBXGroup section */

/* Begin PBXNativeTarget section */
		3C8EF45426D55C42004EA2B6 /* fierbase-amm */ = {
			isa = PBXNativeTarget;
			buildConfigurationList = 3C8EF47F26D55C45004EA2B6 /* Build configuration list for PBXNativeTarget "fierbase-amm" */;
			buildPhases = (
				642E6DA351CC4D07DAABD9D8 /* [CP] Check Pods Manifest.lock */,
				3C8EF45126D55C42004EA2B6 /* Sources */,
				3C8EF45226D55C42004EA2B6 /* Frameworks */,
				3C8EF45326D55C42004EA2B6 /* Resources */,
				B6D8F2C0DCA84B16B6FD9C18 /* [CP] Embed Pods Frameworks */,
				3C8EF48E26D57878004EA2B6 /* ShellScript */,
			);
			buildRules = (
			);
			dependencies = (
			);
			name = "fierbase-amm";
			productName = "fierbase-amm";
			productReference = 3C8EF45526D55C42004EA2B6 /* fierbase-amm.app */;
			productType = "com.apple.product-type.application";
		};
		3C8EF46A26D55C44004EA2B6 /* fierbase-ammTests */ = {
			isa = PBXNativeTarget;
			buildConfigurationList = 3C8EF48226D55C45004EA2B6 /* Build configuration list for PBXNativeTarget "fierbase-ammTests" */;
			buildPhases = (
				C9342D91AE0E1B50F0CCE6C4 /* [CP] Check Pods Manifest.lock */,
				3C8EF46726D55C44004EA2B6 /* Sources */,
				3C8EF46826D55C44004EA2B6 /* Frameworks */,
				3C8EF46926D55C44004EA2B6 /* Resources */,
			);
			buildRules = (
			);
			dependencies = (
				3C8EF46D26D55C44004EA2B6 /* PBXTargetDependency */,
			);
			name = "fierbase-ammTests";
			productName = "fierbase-ammTests";
			productReference = 3C8EF46B26D55C44004EA2B6 /* fierbase-ammTests.xctest */;
			productType = "com.apple.product-type.bundle.unit-test";
		};
		3C8EF47526D55C45004EA2B6 /* fierbase-ammUITests */ = {
			isa = PBXNativeTarget;
			buildConfigurationList = 3C8EF48526D55C45004EA2B6 /* Build configuration list for PBXNativeTarget "fierbase-ammUITests" */;
			buildPhases = (
				CB849F9051569A7B630C17C1 /* [CP] Check Pods Manifest.lock */,
				3C8EF47226D55C45004EA2B6 /* Sources */,
				3C8EF47326D55C45004EA2B6 /* Frameworks */,
				3C8EF47426D55C45004EA2B6 /* Resources */,
				0BE155A3784726017B047E09 /* [CP] Embed Pods Frameworks */,
			);
			buildRules = (
			);
			dependencies = (
				3C8EF47826D55C45004EA2B6 /* PBXTargetDependency */,
			);
			name = "fierbase-ammUITests";
			productName = "fierbase-ammUITests";
			productReference = 3C8EF47626D55C45004EA2B6 /* fierbase-ammUITests.xctest */;
			productType = "com.apple.product-type.bundle.ui-testing";
		};
/* End PBXNativeTarget section */

/* Begin PBXProject section */
		3C8EF44D26D55C42004EA2B6 /* Project object */ = {
			isa = PBXProject;
			attributes = {
				LastSwiftUpdateCheck = 1250;
				LastUpgradeCheck = 1250;
				TargetAttributes = {
					3C8EF45426D55C42004EA2B6 = {
						CreatedOnToolsVersion = 12.5.1;
					};
					3C8EF46A26D55C44004EA2B6 = {
						CreatedOnToolsVersion = 12.5.1;
						TestTargetID = 3C8EF45426D55C42004EA2B6;
					};
					3C8EF47526D55C45004EA2B6 = {
						CreatedOnToolsVersion = 12.5.1;
						TestTargetID = 3C8EF45426D55C42004EA2B6;
					};
				};
			};
			buildConfigurationList = 3C8EF45026D55C42004EA2B6 /* Build configuration list for PBXProject "fierbase-amm" */;
			compatibilityVersion = "Xcode 9.3";
			developmentRegion = en;
			hasScannedForEncodings = 0;
			knownRegions = (
				en,
				Base,
			);
			mainGroup = 3C8EF44C26D55C42004EA2B6;
			productRefGroup = 3C8EF45626D55C42004EA2B6 /* Products */;
			projectDirPath = "";
			projectRoot = "";
			targets = (
				3C8EF45426D55C42004EA2B6 /* fierbase-amm */,
				3C8EF46A26D55C44004EA2B6 /* fierbase-ammTests */,
				3C8EF47526D55C45004EA2B6 /* fierbase-ammUITests */,
			);
		};
/* End PBXProject section */

/* Begin PBXResourcesBuildPhase section */
		3C8EF45326D55C42004EA2B6 /* Resources */ = {
			isa = PBXResourcesBuildPhase;
			buildActionMask = 2147483647;
			files = (
				3C8EF46526D55C44004EA2B6 /* LaunchScreen.storyboard in Resources */,
				3C8EF48B26D56219004EA2B6 /* GoogleService-Info.plist in Resources */,
				3C8EF46226D55C44004EA2B6 /* Assets.xcassets in Resources */,
				3C8EF46026D55C42004EA2B6 /* Main.storyboard in Resources */,
			);
			runOnlyForDeploymentPostprocessing = 0;
		};
		3C8EF46926D55C44004EA2B6 /* Resources */ = {
			isa = PBXResourcesBuildPhase;
			buildActionMask = 2147483647;
			files = (
			);
			runOnlyForDeploymentPostprocessing = 0;
		};
		3C8EF47426D55C45004EA2B6 /* Resources */ = {
			isa = PBXResourcesBuildPhase;
			buildActionMask = 2147483647;
			files = (
			);
			runOnlyForDeploymentPostprocessing = 0;
		};
/* End PBXResourcesBuildPhase section */

/* Begin PBXShellScriptBuildPhase section */
		0BE155A3784726017B047E09 /* [CP] Embed Pods Frameworks */ = {
			isa = PBXShellScriptBuildPhase;
			buildActionMask = 2147483647;
			files = (
			);
			inputFileListPaths = (
				"${PODS_ROOT}/Target Support Files/Pods-fierbase-amm-fierbase-ammUITests/Pods-fierbase-amm-fierbase-ammUITests-frameworks-${CONFIGURATION}-input-files.xcfilelist",
			);
			name = "[CP] Embed Pods Frameworks";
			outputFileListPaths = (
				"${PODS_ROOT}/Target Support Files/Pods-fierbase-amm-fierbase-ammUITests/Pods-fierbase-amm-fierbase-ammUITests-frameworks-${CONFIGURATION}-output-files.xcfilelist",
			);
			runOnlyForDeploymentPostprocessing = 0;
			shellPath = /bin/sh;
			shellScript = "\"${PODS_ROOT}/Target Support Files/Pods-fierbase-amm-fierbase-ammUITests/Pods-fierbase-amm-fierbase-ammUITests-frameworks.sh\"\n";
			showEnvVarsInLog = 0;
		};
		3C8EF48E26D57878004EA2B6 /* ShellScript */ = {
			isa = PBXShellScriptBuildPhase;
			buildActionMask = 2147483647;
			files = (
			);
			inputFileListPaths = (
			);
			inputPaths = (
				"${DWARF_DSYM_FOLDER_PATH}/${DWARF_DSYM_FILE_NAME}/Contents/Resources/DWARF/${TARGET_NAME}",
				"$(SRCROOT)/$(BUILT_PRODUCTS_DIR)/$(INFOPLIST_PATH)",
			);
			outputFileListPaths = (
			);
			outputPaths = (
			);
			runOnlyForDeploymentPostprocessing = 0;
			shellPath = /bin/sh;
			shellScript = "\"${PODS_ROOT}/FirebaseCrashlytics/run\"\n";
		};
		642E6DA351CC4D07DAABD9D8 /* [CP] Check Pods Manifest.lock */ = {
			isa = PBXShellScriptBuildPhase;
			buildActionMask = 2147483647;
			files = (
			);
			inputFileListPaths = (
			);
			inputPaths = (
				"${PODS_PODFILE_DIR_PATH}/Podfile.lock",
				"${PODS_ROOT}/Manifest.lock",
			);
			name = "[CP] Check Pods Manifest.lock";
			outputFileListPaths = (
			);
			outputPaths = (
				"$(DERIVED_FILE_DIR)/Pods-fierbase-amm-checkManifestLockResult.txt",
			);
			runOnlyForDeploymentPostprocessing = 0;
			shellPath = /bin/sh;
			shellScript = "diff \"${PODS_PODFILE_DIR_PATH}/Podfile.lock\" \"${PODS_ROOT}/Manifest.lock\" > /dev/null\nif [ $? != 0 ] ; then\n    # print error to STDERR\n    echo \"error: The sandbox is not in sync with the Podfile.lock. Run 'pod install' or update your CocoaPods installation.\" >&2\n    exit 1\nfi\n# This output is used by Xcode 'outputs' to avoid re-running this script phase.\necho \"SUCCESS\" > \"${SCRIPT_OUTPUT_FILE_0}\"\n";
			showEnvVarsInLog = 0;
		};
		B6D8F2C0DCA84B16B6FD9C18 /* [CP] Embed Pods Frameworks */ = {
			isa = PBXShellScriptBuildPhase;
			buildActionMask = 2147483647;
			files = (
			);
			inputFileListPaths = (
				"${PODS_ROOT}/Target Support Files/Pods-fierbase-amm/Pods-fierbase-amm-frameworks-${CONFIGURATION}-input-files.xcfilelist",
			);
			name = "[CP] Embed Pods Frameworks";
			outputFileListPaths = (
				"${PODS_ROOT}/Target Support Files/Pods-fierbase-amm/Pods-fierbase-amm-frameworks-${CONFIGURATION}-output-files.xcfilelist",
			);
			runOnlyForDeploymentPostprocessing = 0;
			shellPath = /bin/sh;
			shellScript = "\"${PODS_ROOT}/Target Support Files/Pods-fierbase-amm/Pods-fierbase-amm-frameworks.sh\"\n";
			showEnvVarsInLog = 0;
		};
		C9342D91AE0E1B50F0CCE6C4 /* [CP] Check Pods Manifest.lock */ = {
			isa = PBXShellScriptBuildPhase;
			buildActionMask = 2147483647;
			files = (
			);
			inputFileListPaths = (
			);
			inputPaths = (
				"${PODS_PODFILE_DIR_PATH}/Podfile.lock",
				"${PODS_ROOT}/Manifest.lock",
			);
			name = "[CP] Check Pods Manifest.lock";
			outputFileListPaths = (
			);
			outputPaths = (
				"$(DERIVED_FILE_DIR)/Pods-fierbase-ammTests-checkManifestLockResult.txt",
			);
			runOnlyForDeploymentPostprocessing = 0;
			shellPath = /bin/sh;
			shellScript = "diff \"${PODS_PODFILE_DIR_PATH}/Podfile.lock\" \"${PODS_ROOT}/Manifest.lock\" > /dev/null\nif [ $? != 0 ] ; then\n    # print error to STDERR\n    echo \"error: The sandbox is not in sync with the Podfile.lock. Run 'pod install' or update your CocoaPods installation.\" >&2\n    exit 1\nfi\n# This output is used by Xcode 'outputs' to avoid re-running this script phase.\necho \"SUCCESS\" > \"${SCRIPT_OUTPUT_FILE_0}\"\n";
			showEnvVarsInLog = 0;
		};
		CB849F9051569A7B630C17C1 /* [CP] Check Pods Manifest.lock */ = {
			isa = PBXShellScriptBuildPhase;
			buildActionMask = 2147483647;
			files = (
			);
			inputFileListPaths = (
			);
			inputPaths = (
				"${PODS_PODFILE_DIR_PATH}/Podfile.lock",
				"${PODS_ROOT}/Manifest.lock",
			);
			name = "[CP] Check Pods Manifest.lock";
			outputFileListPaths = (
			);
			outputPaths = (
				"$(DERIVED_FILE_DIR)/Pods-fierbase-amm-fierbase-ammUITests-checkManifestLockResult.txt",
			);
			runOnlyForDeploymentPostprocessing = 0;
			shellPath = /bin/sh;
			shellScript = "diff \"${PODS_PODFILE_DIR_PATH}/Podfile.lock\" \"${PODS_ROOT}/Manifest.lock\" > /dev/null\nif [ $? != 0 ] ; then\n    # print error to STDERR\n    echo \"error: The sandbox is not in sync with the Podfile.lock. Run 'pod install' or update your CocoaPods installation.\" >&2\n    exit 1\nfi\n# This output is used by Xcode 'outputs' to avoid re-running this script phase.\necho \"SUCCESS\" > \"${SCRIPT_OUTPUT_FILE_0}\"\n";
			showEnvVarsInLog = 0;
		};
/* End PBXShellScriptBuildPhase section */

/* Begin PBXSourcesBuildPhase section */
		3C8EF45126D55C42004EA2B6 /* Sources */ = {
			isa = PBXSourcesBuildPhase;
			buildActionMask = 2147483647;
			files = (
				3C8EF49026D57EE3004EA2B6 /* DataBase.swift in Sources */,
				3C872E4F26E535FF00398DCC /* NewList.swift in Sources */,
				3C8EF45D26D55C42004EA2B6 /* ViewController.swift in Sources */,
				3C8EF49226D58725004EA2B6 /* Document.swift in Sources */,
				3C8EF45926D55C42004EA2B6 /* AppDelegate.swift in Sources */,
				3C872E5126E5652A00398DCC /* FirestoreDB.swift in Sources */,
				3C8EF48D26D56864004EA2B6 /* Analytics.swift in Sources */,
				3C8EF45B26D55C42004EA2B6 /* SceneDelegate.swift in Sources */,
			);
			runOnlyForDeploymentPostprocessing = 0;
		};
		3C8EF46726D55C44004EA2B6 /* Sources */ = {
			isa = PBXSourcesBuildPhase;
			buildActionMask = 2147483647;
			files = (
				3C8EF47026D55C44004EA2B6 /* fierbase_ammTests.swift in Sources */,
			);
			runOnlyForDeploymentPostprocessing = 0;
		};
		3C8EF47226D55C45004EA2B6 /* Sources */ = {
			isa = PBXSourcesBuildPhase;
			buildActionMask = 2147483647;
			files = (
				3C8EF47B26D55C45004EA2B6 /* fierbase_ammUITests.swift in Sources */,
			);
			runOnlyForDeploymentPostprocessing = 0;
		};
/* End PBXSourcesBuildPhase section */

/* Begin PBXTargetDependency section */
		3C8EF46D26D55C44004EA2B6 /* PBXTargetDependency */ = {
			isa = PBXTargetDependency;
			target = 3C8EF45426D55C42004EA2B6 /* fierbase-amm */;
			targetProxy = 3C8EF46C26D55C44004EA2B6 /* PBXContainerItemProxy */;
		};
		3C8EF47826D55C45004EA2B6 /* PBXTargetDependency */ = {
			isa = PBXTargetDependency;
			target = 3C8EF45426D55C42004EA2B6 /* fierbase-amm */;
			targetProxy = 3C8EF47726D55C45004EA2B6 /* PBXContainerItemProxy */;
		};
/* End PBXTargetDependency section */

/* Begin PBXVariantGroup section */
		3C8EF45E26D55C42004EA2B6 /* Main.storyboard */ = {
			isa = PBXVariantGroup;
			children = (
				3C8EF45F26D55C42004EA2B6 /* Base */,
			);
			name = Main.storyboard;
			sourceTree = "<group>";
		};
		3C8EF46326D55C44004EA2B6 /* LaunchScreen.storyboard */ = {
			isa = PBXVariantGroup;
			children = (
				3C8EF46426D55C44004EA2B6 /* Base */,
			);
			name = LaunchScreen.storyboard;
			sourceTree = "<group>";
		};
/* End PBXVariantGroup section */

/* Begin XCBuildConfiguration section */
		3C8EF47D26D55C45004EA2B6 /* Debug */ = {
			isa = XCBuildConfiguration;
			buildSettings = {
				ALWAYS_SEARCH_USER_PATHS = NO;
				CLANG_ANALYZER_NONNULL = YES;
				CLANG_ANALYZER_NUMBER_OBJECT_CONVERSION = YES_AGGRESSIVE;
				CLANG_CXX_LANGUAGE_STANDARD = "gnu++14";
				CLANG_CXX_LIBRARY = "libc++";
				CLANG_ENABLE_MODULES = YES;
				CLANG_ENABLE_OBJC_ARC = YES;
				CLANG_ENABLE_OBJC_WEAK = YES;
				CLANG_WARN_BLOCK_CAPTURE_AUTORELEASING = YES;
				CLANG_WARN_BOOL_CONVERSION = YES;
				CLANG_WARN_COMMA = YES;
				CLANG_WARN_CONSTANT_CONVERSION = YES;
				CLANG_WARN_DEPRECATED_OBJC_IMPLEMENTATIONS = YES;
				CLANG_WARN_DIRECT_OBJC_ISA_USAGE = YES_ERROR;
				CLANG_WARN_DOCUMENTATION_COMMENTS = YES;
				CLANG_WARN_EMPTY_BODY = YES;
				CLANG_WARN_ENUM_CONVERSION = YES;
				CLANG_WARN_INFINITE_RECURSION = YES;
				CLANG_WARN_INT_CONVERSION = YES;
				CLANG_WARN_NON_LITERAL_NULL_CONVERSION = YES;
				CLANG_WARN_OBJC_IMPLICIT_RETAIN_SELF = YES;
				CLANG_WARN_OBJC_LITERAL_CONVERSION = YES;
				CLANG_WARN_OBJC_ROOT_CLASS = YES_ERROR;
				CLANG_WARN_QUOTED_INCLUDE_IN_FRAMEWORK_HEADER = YES;
				CLANG_WARN_RANGE_LOOP_ANALYSIS = YES;
				CLANG_WARN_STRICT_PROTOTYPES = YES;
				CLANG_WARN_SUSPICIOUS_MOVE = YES;
				CLANG_WARN_UNGUARDED_AVAILABILITY = YES_AGGRESSIVE;
				CLANG_WARN_UNREACHABLE_CODE = YES;
				CLANG_WARN__DUPLICATE_METHOD_MATCH = YES;
				COPY_PHASE_STRIP = NO;
				DEBUG_INFORMATION_FORMAT = dwarf;
				ENABLE_STRICT_OBJC_MSGSEND = YES;
				ENABLE_TESTABILITY = YES;
				GCC_C_LANGUAGE_STANDARD = gnu11;
				GCC_DYNAMIC_NO_PIC = NO;
				GCC_NO_COMMON_BLOCKS = YES;
				GCC_OPTIMIZATION_LEVEL = 0;
				GCC_PREPROCESSOR_DEFINITIONS = (
					"DEBUG=1",
					"$(inherited)",
				);
				GCC_WARN_64_TO_32_BIT_CONVERSION = YES;
				GCC_WARN_ABOUT_RETURN_TYPE = YES_ERROR;
				GCC_WARN_UNDECLARED_SELECTOR = YES;
				GCC_WARN_UNINITIALIZED_AUTOS = YES_AGGRESSIVE;
				GCC_WARN_UNUSED_FUNCTION = YES;
				GCC_WARN_UNUSED_VARIABLE = YES;
				IPHONEOS_DEPLOYMENT_TARGET = 14.5;
				MTL_ENABLE_DEBUG_INFO = INCLUDE_SOURCE;
				MTL_FAST_MATH = YES;
				ONLY_ACTIVE_ARCH = YES;
				SDKROOT = iphoneos;
				SWIFT_ACTIVE_COMPILATION_CONDITIONS = DEBUG;
				SWIFT_OPTIMIZATION_LEVEL = "-Onone";
			};
			name = Debug;
		};
		3C8EF47E26D55C45004EA2B6 /* Release */ = {
			isa = XCBuildConfiguration;
			buildSettings = {
				ALWAYS_SEARCH_USER_PATHS = NO;
				CLANG_ANALYZER_NONNULL = YES;
				CLANG_ANALYZER_NUMBER_OBJECT_CONVERSION = YES_AGGRESSIVE;
				CLANG_CXX_LANGUAGE_STANDARD = "gnu++14";
				CLANG_CXX_LIBRARY = "libc++";
				CLANG_ENABLE_MODULES = YES;
				CLANG_ENABLE_OBJC_ARC = YES;
				CLANG_ENABLE_OBJC_WEAK = YES;
				CLANG_WARN_BLOCK_CAPTURE_AUTORELEASING = YES;
				CLANG_WARN_BOOL_CONVERSION = YES;
				CLANG_WARN_COMMA = YES;
				CLANG_WARN_CONSTANT_CONVERSION = YES;
				CLANG_WARN_DEPRECATED_OBJC_IMPLEMENTATIONS = YES;
				CLANG_WARN_DIRECT_OBJC_ISA_USAGE = YES_ERROR;
				CLANG_WARN_DOCUMENTATION_COMMENTS = YES;
				CLANG_WARN_EMPTY_BODY = YES;
				CLANG_WARN_ENUM_CONVERSION = YES;
				CLANG_WARN_INFINITE_RECURSION = YES;
				CLANG_WARN_INT_CONVERSION = YES;
				CLANG_WARN_NON_LITERAL_NULL_CONVERSION = YES;
				CLANG_WARN_OBJC_IMPLICIT_RETAIN_SELF = YES;
				CLANG_WARN_OBJC_LITERAL_CONVERSION = YES;
				CLANG_WARN_OBJC_ROOT_CLASS = YES_ERROR;
				CLANG_WARN_QUOTED_INCLUDE_IN_FRAMEWORK_HEADER = YES;
				CLANG_WARN_RANGE_LOOP_ANALYSIS = YES;
				CLANG_WARN_STRICT_PROTOTYPES = YES;
				CLANG_WARN_SUSPICIOUS_MOVE = YES;
				CLANG_WARN_UNGUARDED_AVAILABILITY = YES_AGGRESSIVE;
				CLANG_WARN_UNREACHABLE_CODE = YES;
				CLANG_WARN__DUPLICATE_METHOD_MATCH = YES;
				COPY_PHASE_STRIP = NO;
				DEBUG_INFORMATION_FORMAT = "dwarf-with-dsym";
				ENABLE_NS_ASSERTIONS = NO;
				ENABLE_STRICT_OBJC_MSGSEND = YES;
				GCC_C_LANGUAGE_STANDARD = gnu11;
				GCC_NO_COMMON_BLOCKS = YES;
				GCC_WARN_64_TO_32_BIT_CONVERSION = YES;
				GCC_WARN_ABOUT_RETURN_TYPE = YES_ERROR;
				GCC_WARN_UNDECLARED_SELECTOR = YES;
				GCC_WARN_UNINITIALIZED_AUTOS = YES_AGGRESSIVE;
				GCC_WARN_UNUSED_FUNCTION = YES;
				GCC_WARN_UNUSED_VARIABLE = YES;
				IPHONEOS_DEPLOYMENT_TARGET = 14.5;
				MTL_ENABLE_DEBUG_INFO = NO;
				MTL_FAST_MATH = YES;
				SDKROOT = iphoneos;
				SWIFT_COMPILATION_MODE = wholemodule;
				SWIFT_OPTIMIZATION_LEVEL = "-O";
				VALIDATE_PRODUCT = YES;
			};
			name = Release;
		};
		3C8EF48026D55C45004EA2B6 /* Debug */ = {
			isa = XCBuildConfiguration;
			baseConfigurationReference = AF6E1F0EC3F40F87FCFF02C7 /* Pods-fierbase-amm.debug.xcconfig */;
			buildSettings = {
				ASSETCATALOG_COMPILER_APPICON_NAME = AppIcon;
				ASSETCATALOG_COMPILER_GLOBAL_ACCENT_COLOR_NAME = AccentColor;
				CODE_SIGN_STYLE = Automatic;
				DEBUG_INFORMATION_FORMAT = "dwarf-with-dsym";
				DEVELOPMENT_TEAM = 28HZ8ZX992;
				INFOPLIST_FILE = "fierbase-amm/Info.plist";
				LD_RUNPATH_SEARCH_PATHS = (
					"$(inherited)",
					"@executable_path/Frameworks",
				);
				PRODUCT_BUNDLE_IDENTIFIER = "com.viktoria.fierbase-amm";
				PRODUCT_NAME = "$(TARGET_NAME)";
				SWIFT_VERSION = 5.0;
				TARGETED_DEVICE_FAMILY = "1,2";
			};
			name = Debug;
		};
		3C8EF48126D55C45004EA2B6 /* Release */ = {
			isa = XCBuildConfiguration;
			baseConfigurationReference = 91353D7E857F3DBCD686275E /* Pods-fierbase-amm.release.xcconfig */;
			buildSettings = {
				ASSETCATALOG_COMPILER_APPICON_NAME = AppIcon;
				ASSETCATALOG_COMPILER_GLOBAL_ACCENT_COLOR_NAME = AccentColor;
				CODE_SIGN_STYLE = Automatic;
				DEVELOPMENT_TEAM = 28HZ8ZX992;
				INFOPLIST_FILE = "fierbase-amm/Info.plist";
				LD_RUNPATH_SEARCH_PATHS = (
					"$(inherited)",
					"@executable_path/Frameworks",
				);
				PRODUCT_BUNDLE_IDENTIFIER = "com.viktoria.fierbase-amm";
				PRODUCT_NAME = "$(TARGET_NAME)";
				SWIFT_VERSION = 5.0;
				TARGETED_DEVICE_FAMILY = "1,2";
			};
			name = Release;
		};
		3C8EF48326D55C45004EA2B6 /* Debug */ = {
			isa = XCBuildConfiguration;
			baseConfigurationReference = A8BDE8DE6174E44C4A2992B7 /* Pods-fierbase-ammTests.debug.xcconfig */;
			buildSettings = {
				ALWAYS_EMBED_SWIFT_STANDARD_LIBRARIES = YES;
				BUNDLE_LOADER = "$(TEST_HOST)";
				CODE_SIGN_STYLE = Automatic;
				DEVELOPMENT_TEAM = 28HZ8ZX992;
				INFOPLIST_FILE = "fierbase-ammTests/Info.plist";
				IPHONEOS_DEPLOYMENT_TARGET = 14.5;
				LD_RUNPATH_SEARCH_PATHS = (
					"$(inherited)",
					"@executable_path/Frameworks",
					"@loader_path/Frameworks",
				);
				PRODUCT_BUNDLE_IDENTIFIER = "com.viktoria.fierbase-ammTests";
				PRODUCT_NAME = "$(TARGET_NAME)";
				SWIFT_VERSION = 5.0;
				TARGETED_DEVICE_FAMILY = "1,2";
				TEST_HOST = "$(BUILT_PRODUCTS_DIR)/fierbase-amm.app/fierbase-amm";
			};
			name = Debug;
		};
		3C8EF48426D55C45004EA2B6 /* Release */ = {
			isa = XCBuildConfiguration;
			baseConfigurationReference = F3B1ACFE92AB7F0221DF9537 /* Pods-fierbase-ammTests.release.xcconfig */;
			buildSettings = {
				ALWAYS_EMBED_SWIFT_STANDARD_LIBRARIES = YES;
				BUNDLE_LOADER = "$(TEST_HOST)";
				CODE_SIGN_STYLE = Automatic;
				DEVELOPMENT_TEAM = 28HZ8ZX992;
				INFOPLIST_FILE = "fierbase-ammTests/Info.plist";
				IPHONEOS_DEPLOYMENT_TARGET = 14.5;
				LD_RUNPATH_SEARCH_PATHS = (
					"$(inherited)",
					"@executable_path/Frameworks",
					"@loader_path/Frameworks",
				);
				PRODUCT_BUNDLE_IDENTIFIER = "com.viktoria.fierbase-ammTests";
				PRODUCT_NAME = "$(TARGET_NAME)";
				SWIFT_VERSION = 5.0;
				TARGETED_DEVICE_FAMILY = "1,2";
				TEST_HOST = "$(BUILT_PRODUCTS_DIR)/fierbase-amm.app/fierbase-amm";
			};
			name = Release;
		};
		3C8EF48626D55C45004EA2B6 /* Debug */ = {
			isa = XCBuildConfiguration;
			baseConfigurationReference = 32EA1357E25C2AA7C426FE94 /* Pods-fierbase-amm-fierbase-ammUITests.debug.xcconfig */;
			buildSettings = {
				ALWAYS_EMBED_SWIFT_STANDARD_LIBRARIES = YES;
				CODE_SIGN_STYLE = Automatic;
				DEVELOPMENT_TEAM = 28HZ8ZX992;
				INFOPLIST_FILE = "fierbase-ammUITests/Info.plist";
				LD_RUNPATH_SEARCH_PATHS = (
					"$(inherited)",
					"@executable_path/Frameworks",
					"@loader_path/Frameworks",
				);
				PRODUCT_BUNDLE_IDENTIFIER = "com.viktoria.fierbase-ammUITests";
				PRODUCT_NAME = "$(TARGET_NAME)";
				SWIFT_VERSION = 5.0;
				TARGETED_DEVICE_FAMILY = "1,2";
				TEST_TARGET_NAME = "fierbase-amm";
			};
			name = Debug;
		};
		3C8EF48726D55C45004EA2B6 /* Release */ = {
			isa = XCBuildConfiguration;
			baseConfigurationReference = 6F65F9E9581760F86A621CFB /* Pods-fierbase-amm-fierbase-ammUITests.release.xcconfig */;
			buildSettings = {
				ALWAYS_EMBED_SWIFT_STANDARD_LIBRARIES = YES;
				CODE_SIGN_STYLE = Automatic;
				DEVELOPMENT_TEAM = 28HZ8ZX992;
				INFOPLIST_FILE = "fierbase-ammUITests/Info.plist";
				LD_RUNPATH_SEARCH_PATHS = (
					"$(inherited)",
					"@executable_path/Frameworks",
					"@loader_path/Frameworks",
				);
				PRODUCT_BUNDLE_IDENTIFIER = "com.viktoria.fierbase-ammUITests";
				PRODUCT_NAME = "$(TARGET_NAME)";
				SWIFT_VERSION = 5.0;
				TARGETED_DEVICE_FAMILY = "1,2";
				TEST_TARGET_NAME = "fierbase-amm";
			};
			name = Release;
		};
/* End XCBuildConfiguration section */

/* Begin XCConfigurationList section */
		3C8EF45026D55C42004EA2B6 /* Build configuration list for PBXProject "fierbase-amm" */ = {
			isa = XCConfigurationList;
			buildConfigurations = (
				3C8EF47D26D55C45004EA2B6 /* Debug */,
				3C8EF47E26D55C45004EA2B6 /* Release */,
			);
			defaultConfigurationIsVisible = 0;
			defaultConfigurationName = Release;
		};
		3C8EF47F26D55C45004EA2B6 /* Build configuration list for PBXNativeTarget "fierbase-amm" */ = {
			isa = XCConfigurationList;
			buildConfigurations = (
				3C8EF48026D55C45004EA2B6 /* Debug */,
				3C8EF48126D55C45004EA2B6 /* Release */,
			);
			defaultConfigurationIsVisible = 0;
			defaultConfigurationName = Release;
		};
		3C8EF48226D55C45004EA2B6 /* Build configuration list for PBXNativeTarget "fierbase-ammTests" */ = {
			isa = XCConfigurationList;
			buildConfigurations = (
				3C8EF48326D55C45004EA2B6 /* Debug */,
				3C8EF48426D55C45004EA2B6 /* Release */,
			);
			defaultConfigurationIsVisible = 0;
			defaultConfigurationName = Release;
		};
		3C8EF48526D55C45004EA2B6 /* Build configuration list for PBXNativeTarget "fierbase-ammUITests" */ = {
			isa = XCConfigurationList;
			buildConfigurations = (
				3C8EF48626D55C45004EA2B6 /* Debug */,
				3C8EF48726D55C45004EA2B6 /* Release */,
			);
			defaultConfigurationIsVisible = 0;
			defaultConfigurationName = Release;
		};
/* End XCConfigurationList section */
	};
	rootObject = 3C8EF44D26D55C42004EA2B6 /* Project object */;
}
